
Microsoft Visual Studio Solution File, Format Version 12.00
# Visual Studio Version 17
VisualStudioVersion = 17.1.32328.378
MinimumVisualStudioVersion = 10.0.40219.1
Project("{9A19103F-16F7-4668-BE54-9A1E7A4F7556}") = "ConnectFourWhoWon", "ConnectFourWhoWon\ConnectFourWhoWon.csproj", "{53712CBF-7045-4FA8-B06A-83F4772B6E73}"
EndProject
Project("{FAE04EC0-301F-11D3-BF4B-00C04F79EFBC}") = "ConnectFourWhoWonTests", "ConnectFourWhoWonTests\ConnectFourWhoWonTests.csproj", "{9D552495-8367-4C3D-97FE-31975D1D93A5}"
EndProject
Global
	GlobalSection(SolutionConfigurationPlatforms) = preSolution
		Debug|Any CPU = Debug|Any CPU
		Release|Any CPU = Release|Any CPU
	EndGlobalSection
	GlobalSection(ProjectConfigurationPlatforms) = postSolution
		{53712CBF-7045-4FA8-B06A-83F4772B6E73}.Debug|Any CPU.ActiveCfg = Debug|Any CPU
		{53712CBF-7045-4FA8-B06A-83F4772B6E73}.Debug|Any CPU.Build.0 = Debug|Any CPU
		{53712CBF-7045-4FA8-B06A-83F4772B6E73}.Release|Any CPU.ActiveCfg = Release|Any CPU
		{53712CBF-7045-4FA8-B06A-83F4772B6E73}.Release|Any CPU.Build.0 = Release|Any CPU
		{9D552495-8367-4C3D-97FE-31975D1D93A5}.Debug|Any CPU.ActiveCfg = Debug|Any CPU
		{9D552495-8367-4C3D-97FE-31975D1D93A5}.Debug|Any CPU.Build.0 = Debug|Any CPU
		{9D552495-8367-4C3D-97FE-31975D1D93A5}.Release|Any CPU.ActiveCfg = Release|Any CPU
		{9D552495-8367-4C3D-97FE-31975D1D93A5}.Release|Any CPU.Build.0 = Release|Any CPU
	EndGlobalSection
	GlobalSection(SolutionProperties) = preSolution
		HideSolutionNode = FALSE
	EndGlobalSection
	GlobalSection(ExtensibilityGlobals) = postSolution
		SolutionGuid = {BFC3E979-7D3F-4E01-A630-CA0D74FD484F}
	EndGlobalSection
EndGlobal
